
Microsoft Visual Studio Solution File, Format Version 12.00
# Visual Studio Version 17
VisualStudioVersion = 17.8.34511.84
MinimumVisualStudioVersion = 10.0.40219.1
Project("{9A19103F-16F7-4668-BE54-9A1E7A4F7556}") = "Laba9", "Laba9.csproj", "{081B530D-CCE4-4BB3-A4C4-E32EC70857BC}"
EndProject
Project("{FAE04EC0-301F-11D3-BF4B-00C04F79EFBC}") = "TestMark", "..\TestMark\TestMark.csproj", "{131F1C2A-D4CC-4DC3-BC07-0289AA49D43E}"
EndProject
Global
	GlobalSection(SolutionConfigurationPlatforms) = preSolution
		Debug|Any CPU = Debug|Any CPU
		Release|Any CPU = Release|Any CPU
	EndGlobalSection
	GlobalSection(ProjectConfigurationPlatforms) = postSolution
		{081B530D-CCE4-4BB3-A4C4-E32EC70857BC}.Debug|Any CPU.ActiveCfg = Debug|Any CPU
		{081B530D-CCE4-4BB3-A4C4-E32EC70857BC}.Debug|Any CPU.Build.0 = Debug|Any CPU
		{081B530D-CCE4-4BB3-A4C4-E32EC70857BC}.Release|Any CPU.ActiveCfg = Release|Any CPU
		{081B530D-CCE4-4BB3-A4C4-E32EC70857BC}.Release|Any CPU.Build.0 = Release|Any CPU
		{131F1C2A-D4CC-4DC3-BC07-0289AA49D43E}.Debug|Any CPU.ActiveCfg = Debug|Any CPU
		{131F1C2A-D4CC-4DC3-BC07-0289AA49D43E}.Debug|Any CPU.Build.0 = Debug|Any CPU
		{131F1C2A-D4CC-4DC3-BC07-0289AA49D43E}.Release|Any CPU.ActiveCfg = Release|Any CPU
		{131F1C2A-D4CC-4DC3-BC07-0289AA49D43E}.Release|Any CPU.Build.0 = Release|Any CPU
	EndGlobalSection
	GlobalSection(SolutionProperties) = preSolution
		HideSolutionNode = FALSE
	EndGlobalSection
	GlobalSection(ExtensibilityGlobals) = postSolution
		SolutionGuid = {63CE726E-37F7-4465-B01E-DAC9C31C2DB8}
	EndGlobalSection
EndGlobal
